Microsoft Visual Studio Solution File, Format Version 12.00
# Visual Studio 15
VisualStudioVersion = 15.0.27130.2020
MinimumVisualStudioVersion = 15.0.26124.0
Project("{9A19103F-16F7-4668-BE54-9A1E7A4F7556}") = "Grid.Cache", "Grid.Cache\Grid.Cache.csproj", "{250DE81F-EAC6-4C08-AE10-944D05B72F3D}"
EndProject
Project("{9A19103F-16F7-4668-BE54-9A1E7A4F7556}") = "Grid.Playground", "Grid.Playground\Grid.Playground.csproj", "{6062176D-D0C1-4FD3-A42E-75C3C7370B6D}"
EndProject
Project("{9A19103F-16F7-4668-BE54-9A1E7A4F7556}") = "Grid.Cache.Tests", "Grid.Cache.Tests\Grid.Cache.Tests.csproj", "{6768801F-038D-46B4-B7C9-B78961B185E0}"
EndProject
Project("{9A19103F-16F7-4668-BE54-9A1E7A4F7556}") = "Grid.Cache.WebApi", "Grid.Cache.WebApi\Grid.Cache.WebApi.csproj", "{F30DCA6D-FCFD-4EC1-AFEB-0AA4CCD36A68}"
EndProject
Global
	GlobalSection(SolutionConfigurationPlatforms) = preSolution
		Debug|Any CPU = Debug|Any CPU
		Debug|x64 = Debug|x64
		Debug|x86 = Debug|x86
		Release|Any CPU = Release|Any CPU
		Release|x64 = Release|x64
		Release|x86 = Release|x86
	EndGlobalSection
	GlobalSection(ProjectConfigurationPlatforms) = postSolution
		{250DE81F-EAC6-4C08-AE10-944D05B72F3D}.Debug|Any CPU.ActiveCfg = Debug|Any CPU
		{250DE81F-EAC6-4C08-AE10-944D05B72F3D}.Debug|Any CPU.Build.0 = Debug|Any CPU
		{250DE81F-EAC6-4C08-AE10-944D05B72F3D}.Debug|x64.ActiveCfg = Debug|Any CPU
		{250DE81F-EAC6-4C08-AE10-944D05B72F3D}.Debug|x64.Build.0 = Debug|Any CPU
		{250DE81F-EAC6-4C08-AE10-944D05B72F3D}.Debug|x86.ActiveCfg = Debug|Any CPU
		{250DE81F-EAC6-4C08-AE10-944D05B72F3D}.Debug|x86.Build.0 = Debug|Any CPU
		{250DE81F-EAC6-4C08-AE10-944D05B72F3D}.Release|Any CPU.ActiveCfg = Release|Any CPU
		{250DE81F-EAC6-4C08-AE10-944D05B72F3D}.Release|Any CPU.Build.0 = Release|Any CPU
		{250DE81F-EAC6-4C08-AE10-944D05B72F3D}.Release|x64.ActiveCfg = Release|Any CPU
		{250DE81F-EAC6-4C08-AE10-944D05B72F3D}.Release|x64.Build.0 = Release|Any CPU
		{250DE81F-EAC6-4C08-AE10-944D05B72F3D}.Release|x86.ActiveCfg = Release|Any CPU
		{250DE81F-EAC6-4C08-AE10-944D05B72F3D}.Release|x86.Build.0 = Release|Any CPU
		{6062176D-D0C1-4FD3-A42E-75C3C7370B6D}.Debug|Any CPU.ActiveCfg = Debug|Any CPU
		{6062176D-D0C1-4FD3-A42E-75C3C7370B6D}.Debug|Any CPU.Build.0 = Debug|Any CPU
		{6062176D-D0C1-4FD3-A42E-75C3C7370B6D}.Debug|x64.ActiveCfg = Debug|Any CPU
		{6062176D-D0C1-4FD3-A42E-75C3C7370B6D}.Debug|x64.Build.0 = Debug|Any CPU
		{6062176D-D0C1-4FD3-A42E-75C3C7370B6D}.Debug|x86.ActiveCfg = Debug|Any CPU
		{6062176D-D0C1-4FD3-A42E-75C3C7370B6D}.Debug|x86.Build.0 = Debug|Any CPU
		{6062176D-D0C1-4FD3-A42E-75C3C7370B6D}.Release|Any CPU.ActiveCfg = Release|Any CPU
		{6062176D-D0C1-4FD3-A42E-75C3C7370B6D}.Release|Any CPU.Build.0 = Release|Any CPU
		{6062176D-D0C1-4FD3-A42E-75C3C7370B6D}.Release|x64.ActiveCfg = Release|Any CPU
		{6062176D-D0C1-4FD3-A42E-75C3C7370B6D}.Release|x64.Build.0 = Release|Any CPU
		{6062176D-D0C1-4FD3-A42E-75C3C7370B6D}.Release|x86.ActiveCfg = Release|Any CPU
		{6062176D-D0C1-4FD3-A42E-75C3C7370B6D}.Release|x86.Build.0 = Release|Any CPU
		{6768801F-038D-46B4-B7C9-B78961B185E0}.Debug|Any CPU.ActiveCfg = Debug|Any CPU
		{6768801F-038D-46B4-B7C9-B78961B185E0}.Debug|Any CPU.Build.0 = Debug|Any CPU
		{6768801F-038D-46B4-B7C9-B78961B185E0}.Debug|x64.ActiveCfg = Debug|Any CPU
		{6768801F-038D-46B4-B7C9-B78961B185E0}.Debug|x64.Build.0 = Debug|Any CPU
		{6768801F-038D-46B4-B7C9-B78961B185E0}.Debug|x86.ActiveCfg = Debug|Any CPU
		{6768801F-038D-46B4-B7C9-B78961B185E0}.Debug|x86.Build.0 = Debug|Any CPU
		{6768801F-038D-46B4-B7C9-B78961B185E0}.Release|Any CPU.ActiveCfg = Release|Any CPU
		{6768801F-038D-46B4-B7C9-B78961B185E0}.Release|Any CPU.Build.0 = Release|Any CPU
		{6768801F-038D-46B4-B7C9-B78961B185E0}.Release|x64.ActiveCfg = Release|Any CPU
		{6768801F-038D-46B4-B7C9-B78961B185E0}.Release|x64.Build.0 = Release|Any CPU
		{6768801F-038D-46B4-B7C9-B78961B185E0}.Release|x86.ActiveCfg = Release|Any CPU
		{6768801F-038D-46B4-B7C9-B78961B185E0}.Release|x86.Build.0 = Release|Any CPU
		{F30DCA6D-FCFD-4EC1-AFEB-0AA4CCD36A68}.Debug|Any CPU.ActiveCfg = Debug|Any CPU
		{F30DCA6D-FCFD-4EC1-AFEB-0AA4CCD36A68}.Debug|Any CPU.Build.0 = Debug|Any CPU
		{F30DCA6D-FCFD-4EC1-AFEB-0AA4CCD36A68}.Debug|x64.ActiveCfg = Debug|Any CPU
		{F30DCA6D-FCFD-4EC1-AFEB-0AA4CCD36A68}.Debug|x64.Build.0 = Debug|Any CPU
		{F30DCA6D-FCFD-4EC1-AFEB-0AA4CCD36A68}.Debug|x86.ActiveCfg = Debug|Any CPU
		{F30DCA6D-FCFD-4EC1-AFEB-0AA4CCD36A68}.Debug|x86.Build.0 = Debug|Any CPU
		{F30DCA6D-FCFD-4EC1-AFEB-0AA4CCD36A68}.Release|Any CPU.ActiveCfg = Release|Any CPU
		{F30DCA6D-FCFD-4EC1-AFEB-0AA4CCD36A68}.Release|Any CPU.Build.0 = Release|Any CPU
		{F30DCA6D-FCFD-4EC1-AFEB-0AA4CCD36A68}.Release|x64.ActiveCfg = Release|Any CPU
		{F30DCA6D-FCFD-4EC1-AFEB-0AA4CCD36A68}.Release|x64.Build.0 = Release|Any CPU
		{F30DCA6D-FCFD-4EC1-AFEB-0AA4CCD36A68}.Release|x86.ActiveCfg = Release|Any CPU
		{F30DCA6D-FCFD-4EC1-AFEB-0AA4CCD36A68}.Release|x86.Build.0 = Release|Any CPU
	EndGlobalSection
	GlobalSection(SolutionProperties) = preSolution
		HideSolutionNode = FALSE
	EndGlobalSection
	GlobalSection(ExtensibilityGlobals) = postSolution
		SolutionGuid = {1E7D0BF0-72EC-42BD-BE05-FC322440A4B0}
	EndGlobalSection
EndGlobal
